
Microsoft Visual Studio Solution File, Format Version 12.00
# Visual Studio 15
VisualStudioVersion = 15.0.27703.2035
MinimumVisualStudioVersion = 10.0.40219.1
Project("{FAE04EC0-301F-11D3-BF4B-00C04F79EFBC}") = "Lab3DM", "Lab3DM\Lab3DM.csproj", "{F12E24E8-11FB-4E30-8432-0F02F64955D8}"
EndProject
Global
	GlobalSection(SolutionConfigurationPlatforms) = preSolution
		Debug|Any CPU = Debug|Any CPU
		Release|Any CPU = Release|Any CPU
	EndGlobalSection
	GlobalSection(ProjectConfigurationPlatforms) = postSolution
		{F12E24E8-11FB-4E30-8432-0F02F64955D8}.Debug|Any CPU.ActiveCfg = Debug|Any CPU
		{F12E24E8-11FB-4E30-8432-0F02F64955D8}.Debug|Any CPU.Build.0 = Debug|Any CPU
		{F12E24E8-11FB-4E30-8432-0F02F64955D8}.Release|Any CPU.ActiveCfg = Release|Any CPU
		{F12E24E8-11FB-4E30-8432-0F02F64955D8}.Release|Any CPU.Build.0 = Release|Any CPU
	EndGlobalSection
	GlobalSection(SolutionProperties) = preSolution
		HideSolutionNode = FALSE
	EndGlobalSection
	GlobalSection(ExtensibilityGlobals) = postSolution
		SolutionGuid = {2FC01E0B-6888-4EBD-B314-5E6BF343BFE6}
	EndGlobalSection
EndGlobal
